<?xml version="1.0" encoding="utf-8"?>
<Project ToolsVersion="4.0" xmlns="http://schemas.microsoft.com/developer/msbuild/2003">
  <ItemGroup>
    <Filter Include="Core">
      <UniqueIdentifier>{4FC737F1-C7A5-4376-A066-2A32D752A2FF}</UniqueIdentifier>
      <Extensions>cpp;c;cc;cxx;c++;cppm;ixx;def;odl;idl;hpj;bat;asm;asmx</Extensions>
    </Filter>
    <Filter Include="Resources">
      <UniqueIdentifier>{67DA6AB6-F800-4c08-8B7A-83BB121AAD01}</UniqueIdentifier>
      <Extensions>rc;ico;cur;bmp;dlg;rc2;rct;bin;rgs;gif;jpg;jpeg;jpe;resx;tiff;tif;png;wav;mfcribbon-ms</Extensions>
    </Filter>
    <Filter Include="Resources\RessourcesManager">
      <UniqueIdentifier>{3faff4da-9b61-4112-99bc-ea42dbcb3181}</UniqueIdentifier>
    </Filter>
    <Filter Include="Physics">
      <UniqueIdentifier>{93995380-89BD-4b04-88EB-625FBE52EBFB}</UniqueIdentifier>
      <Extensions>h;hh;hpp;hxx;h++;hm;inl;inc;ipp;xsd</Extensions>
    </Filter>
    <Filter Include="LowRenderer">
      <UniqueIdentifier>{cdb17f97-48c6-49cd-91e3-b4c50114f5b7}</UniqueIdentifier>
    </Filter>
    <Filter Include="Resources\Model">
      <UniqueIdentifier>{04c79b89-3d30-4cb3-b957-eb61892496dd}</UniqueIdentifier>
    </Filter>
    <Filter Include="Resources\Scene">
      <UniqueIdentifier>{571abb3d-ea51-45ec-bf19-4e98e1072a21}</UniqueIdentifier>
    </Filter>
    <Filter Include="Resources\Shader">
      <UniqueIdentifier>{3dae1e7a-4841-4ef4-b4d9-3389e3f2f86c}</UniqueIdentifier>
    </Filter>
    <Filter Include="Resources\Texture">
      <UniqueIdentifier>{4371c7cd-129d-4959-8cdf-5533f5bcc70d}</UniqueIdentifier>
    </Filter>
    <Filter Include="LowRenderer\Mesh">
      <UniqueIdentifier>{de10158b-ec80-4ceb-90d3-b53e3c774ad2}</UniqueIdentifier>
    </Filter>
    <Filter Include="LowRenderer\Light">
      <UniqueIdentifier>{d120355c-8189-4cbb-bd5e-c4c93cbf93d9}</UniqueIdentifier>
    </Filter>
    <Filter Include="LowRenderer\Camera">
      <UniqueIdentifier>{ef71f989-3f93-49e0-8129-670b9873fd87}</UniqueIdentifier>
    </Filter>
    <Filter Include="Core\Debug">
      <UniqueIdentifier>{ddd6216f-8b00-4281-a2f6-e483310ec74a}</UniqueIdentifier>
    </Filter>
    <Filter Include="Core\Math">
      <UniqueIdentifier>{07020625-8752-4e9b-8d8f-b7bb4078c6f2}</UniqueIdentifier>
    </Filter>
    <Filter Include="Core\DataStructure">
      <UniqueIdentifier>{52fa849e-9e93-400b-94da-d164b0f19098}</UniqueIdentifier>
    </Filter>
  </ItemGroup>
  <ItemGroup>
    <ClCompile Include="source\src\debug.cpp">
      <Filter>Core\Debug</Filter>
    </ClCompile>
    <ClCompile Include="source\src\shader.cpp">
      <Filter>Resources\Shader</Filter>
    </ClCompile>
    <ClCompile Include="source\src\texture.cpp">
      <Filter>Resources\Texture</Filter>
    </ClCompile>
    <ClCompile Include="external\src\glad.c">
      <Filter>Core</Filter>
    </ClCompile>
    <ClCompile Include="source\src\main.cpp">
      <Filter>Core</Filter>
    </ClCompile>
    <ClCompile Include="source\src\model.cpp">
      <Filter>Resources\Model</Filter>
    </ClCompile>
    <ClCompile Include="source\src\application.cpp">
      <Filter>Core</Filter>
    </ClCompile>
    <ClCompile Include="source\src\buffer.cpp">
      <Filter>Resources\Model</Filter>
    </ClCompile>
    <ClCompile Include="source\src\camera.cpp">
      <Filter>LowRenderer\Camera</Filter>
    </ClCompile>
    <ClCompile Include="source\src\basicMath.cpp">
      <Filter>Core\Math</Filter>
    </ClCompile>
    <ClCompile Include="source\src\mesh.cpp">
      <Filter>LowRenderer\Mesh</Filter>
    </ClCompile>
  </ItemGroup>
  <ItemGroup>
    <None Include="source\shaders\testShader.frag">
      <Filter>Resources\Shader</Filter>
    </None>
    <None Include="source\shaders\testShader.vert">
      <Filter>Resources\Shader</Filter>
    </None>
    <None Include="source\shaders\testLight.frag">
      <Filter>Resources\Shader</Filter>
    </None>
    <None Include="source\shaders\testLight.vert">
      <Filter>Resources\Shader</Filter>
    </None>
  </ItemGroup>
  <ItemGroup>
    <ClInclude Include="source\include\resourceManager.hpp">
      <Filter>Resources\RessourcesManager</Filter>
    </ClInclude>
    <ClInclude Include="source\include\debug.hpp">
      <Filter>Core\Debug</Filter>
    </ClInclude>
    <ClInclude Include="source\include\IResource.hpp">
      <Filter>Resources\RessourcesManager</Filter>
    </ClInclude>
    <ClInclude Include="source\include\shader.hpp">
      <Filter>Resources\Shader</Filter>
    </ClInclude>
    <ClInclude Include="source\include\texture.hpp">
      <Filter>Resources\Texture</Filter>
    </ClInclude>
    <ClInclude Include="source\include\model.hpp">
      <Filter>Resources\Model</Filter>
    </ClInclude>
    <ClInclude Include="source\include\types.hpp">
      <Filter>Core\Math</Filter>
    </ClInclude>
    <ClInclude Include="source\include\application.hpp">
      <Filter>Core</Filter>
    </ClInclude>
    <ClInclude Include="source\include\buffer.hpp">
      <Filter>Resources\Model</Filter>
    </ClInclude>
    <ClInclude Include="source\include\camera.hpp">
      <Filter>LowRenderer\Camera</Filter>
    </ClInclude>
    <ClInclude Include="source\include\basicMath.hpp">
      <Filter>Core\Math</Filter>
    </ClInclude>
    <ClInclude Include="source\include\light.hpp">
      <Filter>LowRenderer\Light</Filter>
    </ClInclude>
    <ClInclude Include="source\include\mesh.hpp">
      <Filter>LowRenderer\Mesh</Filter>
    </ClInclude>
    <ClInclude Include="source\include\transform.hpp">
      <Filter>Physics</Filter>
    </ClInclude>
    <ClInclude Include="source\include\entity.hpp">
      <Filter>Physics</Filter>
    </ClInclude>
  </ItemGroup>
</Project>